// !$*UTF8*$!
{
	archiveVersion = 1;
	classes = {
	};
	objectVersion = 55;
	objects = {

/* Begin PBXBuildFile section */
		B64F13C22741B7DB0054E6B8 /* SwiftUICharts in Frameworks */ = {isa = PBXBuildFile; productRef = B64F13C12741B7DB0054E6B8 /* SwiftUICharts */; };
		B6E2D0B227414167004E45BC /* Power Grid.app in Embed Watch Content */ = {isa = PBXBuildFile; fileRef = B6E2D0B127414167004E45BC /* Power Grid.app */; settings = {ATTRIBUTES = (RemoveHeadersOnCopy, ); }; };
		B6E2D0B727414167004E45BC /* Assets.xcassets in Resources */ = {isa = PBXBuildFile; fileRef = B6E2D0B627414167004E45BC /* Assets.xcassets */; };
		B6E2D0BD27414167004E45BC /* Power Grid WatchKit Extension.appex in Embed App Extensions */ = {isa = PBXBuildFile; fileRef = B6E2D0BC27414167004E45BC /* Power Grid WatchKit Extension.appex */; settings = {ATTRIBUTES = (RemoveHeadersOnCopy, ); }; };
		B6E2D0C227414167004E45BC /* PowerGridApp.swift in Sources */ = {isa = PBXBuildFile; fileRef = B6E2D0C127414167004E45BC /* PowerGridApp.swift */; };
		B6E2D0C427414167004E45BC /* ContentView.swift in Sources */ = {isa = PBXBuildFile; fileRef = B6E2D0C327414167004E45BC /* ContentView.swift */; };
		B6E2D0C627414167004E45BC /* NotificationController.swift in Sources */ = {isa = PBXBuildFile; fileRef = B6E2D0C527414167004E45BC /* NotificationController.swift */; };
		B6E2D0C827414167004E45BC /* NotificationView.swift in Sources */ = {isa = PBXBuildFile; fileRef = B6E2D0C727414167004E45BC /* NotificationView.swift */; };
		B6E2D0CA27414167004E45BC /* ComplicationController.swift in Sources */ = {isa = PBXBuildFile; fileRef = B6E2D0C927414167004E45BC /* ComplicationController.swift */; };
		B6E2D0CC27414168004E45BC /* Assets.xcassets in Resources */ = {isa = PBXBuildFile; fileRef = B6E2D0CB27414168004E45BC /* Assets.xcassets */; };
		B6E2D0CF27414168004E45BC /* Preview Assets.xcassets in Resources */ = {isa = PBXBuildFile; fileRef = B6E2D0CE27414168004E45BC /* Preview Assets.xcassets */; };
		B6E2D0E127414452004E45BC /* ApiService.swift in Sources */ = {isa = PBXBuildFile; fileRef = B6E2D0E027414452004E45BC /* ApiService.swift */; };
		B6E2D0E327414480004E45BC /* ApiAgent.swift in Sources */ = {isa = PBXBuildFile; fileRef = B6E2D0E227414480004E45BC /* ApiAgent.swift */; };
		B6EC4ED227414BF400E4839C /* MainViewModel.swift in Sources */ = {isa = PBXBuildFile; fileRef = B6EC4ED127414BF400E4839C /* MainViewModel.swift */; };
		B6EC4ED7274154CF00E4839C /* Bar.swift in Sources */ = {isa = PBXBuildFile; fileRef = B6EC4ED6274154CF00E4839C /* Bar.swift */; };
/* End PBXBuildFile section */

/* Begin PBXContainerItemProxy section */
		B6E2D0B327414167004E45BC /* PBXContainerItemProxy */ = {
			isa = PBXContainerItemProxy;
			containerPortal = B6E2D0A727414166004E45BC /* Project object */;
			proxyType = 1;
			remoteGlobalIDString = B6E2D0B027414167004E45BC;
			remoteInfo = "Power Grid WatchKit App";
		};
		B6E2D0BE27414167004E45BC /* PBXContainerItemProxy */ = {
			isa = PBXContainerItemProxy;
			containerPortal = B6E2D0A727414166004E45BC /* Project object */;
			proxyType = 1;
			remoteGlobalIDString = B6E2D0BB27414167004E45BC;
			remoteInfo = "Power Grid WatchKit Extension";
		};
/* End PBXContainerItemProxy section */

/* Begin PBXCopyFilesBuildPhase section */
		B6E2D0D727414168004E45BC /* Embed App Extensions */ = {
			isa = PBXCopyFilesBuildPhase;
			buildActionMask = 2147483647;
			dstPath = "";
			dstSubfolderSpec = 13;
			files = (
				B6E2D0BD27414167004E45BC /* Power Grid WatchKit Extension.appex in Embed App Extensions */,
			);
			name = "Embed App Extensions";
			runOnlyForDeploymentPostprocessing = 0;
		};
		B6E2D0DB27414168004E45BC /* Embed Watch Content */ = {
			isa = PBXCopyFilesBuildPhase;
			buildActionMask = 2147483647;
			dstPath = "$(CONTENTS_FOLDER_PATH)/Watch";
			dstSubfolderSpec = 16;
			files = (
				B6E2D0B227414167004E45BC /* Power Grid.app in Embed Watch Content */,
			);
			name = "Embed Watch Content";
			runOnlyForDeploymentPostprocessing = 0;
		};
/* End PBXCopyFilesBuildPhase section */

/* Begin PBXFileReference section */
		B6E2D0AD27414167004E45BC /* Power Grid.app */ = {isa = PBXFileReference; explicitFileType = wrapper.application; includeInIndex = 0; path = "Power Grid.app"; sourceTree = BUILT_PRODUCTS_DIR; };
		B6E2D0B127414167004E45BC /* Power Grid.app */ = {isa = PBXFileReference; explicitFileType = wrapper.application; includeInIndex = 0; path = "Power Grid.app"; sourceTree = BUILT_PRODUCTS_DIR; };
		B6E2D0B627414167004E45BC /* Assets.xcassets */ = {isa = PBXFileReference; lastKnownFileType = folder.assetcatalog; path = Assets.xcassets; sourceTree = "<group>"; };
		B6E2D0BC27414167004E45BC /* Power Grid WatchKit Extension.appex */ = {isa = PBXFileReference; explicitFileType = "wrapper.app-extension"; includeInIndex = 0; path = "Power Grid WatchKit Extension.appex"; sourceTree = BUILT_PRODUCTS_DIR; };
		B6E2D0C127414167004E45BC /* PowerGridApp.swift */ = {isa = PBXFileReference; lastKnownFileType = sourcecode.swift; path = PowerGridApp.swift; sourceTree = "<group>"; };
		B6E2D0C327414167004E45BC /* ContentView.swift */ = {isa = PBXFileReference; lastKnownFileType = sourcecode.swift; path = ContentView.swift; sourceTree = "<group>"; };
		B6E2D0C527414167004E45BC /* NotificationController.swift */ = {isa = PBXFileReference; lastKnownFileType = sourcecode.swift; path = NotificationController.swift; sourceTree = "<group>"; };
		B6E2D0C727414167004E45BC /* NotificationView.swift */ = {isa = PBXFileReference; lastKnownFileType = sourcecode.swift; path = NotificationView.swift; sourceTree = "<group>"; };
		B6E2D0C927414167004E45BC /* ComplicationController.swift */ = {isa = PBXFileReference; lastKnownFileType = sourcecode.swift; path = ComplicationController.swift; sourceTree = "<group>"; };
		B6E2D0CB27414168004E45BC /* Assets.xcassets */ = {isa = PBXFileReference; lastKnownFileType = folder.assetcatalog; path = Assets.xcassets; sourceTree = "<group>"; };
		B6E2D0CE27414168004E45BC /* Preview Assets.xcassets */ = {isa = PBXFileReference; lastKnownFileType = folder.assetcatalog; path = "Preview Assets.xcassets"; sourceTree = "<group>"; };
		B6E2D0D027414168004E45BC /* Info.plist */ = {isa = PBXFileReference; lastKnownFileType = text.plist.xml; path = Info.plist; sourceTree = "<group>"; };
		B6E2D0D127414168004E45BC /* PushNotificationPayload.apns */ = {isa = PBXFileReference; lastKnownFileType = text; path = PushNotificationPayload.apns; sourceTree = "<group>"; };
		B6E2D0E027414452004E45BC /* ApiService.swift */ = {isa = PBXFileReference; lastKnownFileType = sourcecode.swift; path = ApiService.swift; sourceTree = "<group>"; };
		B6E2D0E227414480004E45BC /* ApiAgent.swift */ = {isa = PBXFileReference; lastKnownFileType = sourcecode.swift; path = ApiAgent.swift; sourceTree = "<group>"; };
		B6EC4ED127414BF400E4839C /* MainViewModel.swift */ = {isa = PBXFileReference; lastKnownFileType = sourcecode.swift; path = MainViewModel.swift; sourceTree = "<group>"; };
		B6EC4ED6274154CF00E4839C /* Bar.swift */ = {isa = PBXFileReference; lastKnownFileType = sourcecode.swift; path = Bar.swift; sourceTree = "<group>"; };
/* End PBXFileReference section */

/* Begin PBXFrameworksBuildPhase section */
		B6E2D0B927414167004E45BC /* Frameworks */ = {
			isa = PBXFrameworksBuildPhase;
			buildActionMask = 2147483647;
			files = (
				B64F13C22741B7DB0054E6B8 /* SwiftUICharts in Frameworks */,
			);
			runOnlyForDeploymentPostprocessing = 0;
		};
/* End PBXFrameworksBuildPhase section */

/* Begin PBXGroup section */
		B6E2D0A627414166004E45BC = {
			isa = PBXGroup;
			children = (
				B6E2D0B527414167004E45BC /* Power Grid WatchKit App */,
				B6E2D0C027414167004E45BC /* Power Grid WatchKit Extension */,
				B6E2D0AE27414167004E45BC /* Products */,
				B6EC4ED82741551100E4839C /* Frameworks */,
			);
			sourceTree = "<group>";
		};
		B6E2D0AE27414167004E45BC /* Products */ = {
			isa = PBXGroup;
			children = (
				B6E2D0AD27414167004E45BC /* Power Grid.app */,
				B6E2D0B127414167004E45BC /* Power Grid.app */,
				B6E2D0BC27414167004E45BC /* Power Grid WatchKit Extension.appex */,
			);
			name = Products;
			sourceTree = "<group>";
		};
		B6E2D0B527414167004E45BC /* Power Grid WatchKit App */ = {
			isa = PBXGroup;
			children = (
				B6E2D0B627414167004E45BC /* Assets.xcassets */,
			);
			path = "Power Grid WatchKit App";
			sourceTree = "<group>";
		};
		B6E2D0C027414167004E45BC /* Power Grid WatchKit Extension */ = {
			isa = PBXGroup;
			children = (
				B6EC4ED5274154BB00E4839C /* UI */,
				B6E2D0DF27414442004E45BC /* Service */,
				B6E2D0C127414167004E45BC /* PowerGridApp.swift */,
				B6E2D0C327414167004E45BC /* ContentView.swift */,
				B6EC4ED127414BF400E4839C /* MainViewModel.swift */,
				B6E2D0C527414167004E45BC /* NotificationController.swift */,
				B6E2D0C727414167004E45BC /* NotificationView.swift */,
				B6E2D0C927414167004E45BC /* ComplicationController.swift */,
				B6E2D0CB27414168004E45BC /* Assets.xcassets */,
				B6E2D0D027414168004E45BC /* Info.plist */,
				B6E2D0D127414168004E45BC /* PushNotificationPayload.apns */,
				B6E2D0CD27414168004E45BC /* Preview Content */,
			);
			path = "Power Grid WatchKit Extension";
			sourceTree = "<group>";
		};
		B6E2D0CD27414168004E45BC /* Preview Content */ = {
			isa = PBXGroup;
			children = (
				B6E2D0CE27414168004E45BC /* Preview Assets.xcassets */,
			);
			path = "Preview Content";
			sourceTree = "<group>";
		};
		B6E2D0DF27414442004E45BC /* Service */ = {
			isa = PBXGroup;
			children = (
				B6E2D0E027414452004E45BC /* ApiService.swift */,
				B6E2D0E227414480004E45BC /* ApiAgent.swift */,
			);
			path = Service;
			sourceTree = "<group>";
		};
		B6EC4ED5274154BB00E4839C /* UI */ = {
			isa = PBXGroup;
			children = (
				B6EC4ED6274154CF00E4839C /* Bar.swift */,
			);
			path = UI;
			sourceTree = "<group>";
		};
		B6EC4ED82741551100E4839C /* Frameworks */ = {
			isa = PBXGroup;
			children = (
			);
			name = Frameworks;
			sourceTree = "<group>";
		};
/* End PBXGroup section */

/* Begin PBXNativeTarget section */
		B6E2D0AC27414167004E45BC /* Power Grid */ = {
			isa = PBXNativeTarget;
			buildConfigurationList = B6E2D0DC27414168004E45BC /* Build configuration list for PBXNativeTarget "Power Grid" */;
			buildPhases = (
				B6E2D0AB27414167004E45BC /* Resources */,
				B6E2D0DB27414168004E45BC /* Embed Watch Content */,
			);
			buildRules = (
			);
			dependencies = (
				B6E2D0B427414167004E45BC /* PBXTargetDependency */,
			);
			name = "Power Grid";
			packageProductDependencies = (
				B64F13C02741B7D30054E6B8 /* SwiftUICharts */,
			);
			productName = "Power Grid";
			productReference = B6E2D0AD27414167004E45BC /* Power Grid.app */;
			productType = "com.apple.product-type.application.watchapp2-container";
		};
		B6E2D0B027414167004E45BC /* Power Grid WatchKit App */ = {
			isa = PBXNativeTarget;
			buildConfigurationList = B6E2D0D827414168004E45BC /* Build configuration list for PBXNativeTarget "Power Grid WatchKit App" */;
			buildPhases = (
				B6E2D0AF27414167004E45BC /* Resources */,
				B6E2D0D727414168004E45BC /* Embed App Extensions */,
			);
			buildRules = (
			);
			dependencies = (
				B6E2D0BF27414167004E45BC /* PBXTargetDependency */,
			);
			name = "Power Grid WatchKit App";
			productName = "Power Grid WatchKit App";
			productReference = B6E2D0B127414167004E45BC /* Power Grid.app */;
			productType = "com.apple.product-type.application.watchapp2";
		};
		B6E2D0BB27414167004E45BC /* Power Grid WatchKit Extension */ = {
			isa = PBXNativeTarget;
			buildConfigurationList = B6E2D0D427414168004E45BC /* Build configuration list for PBXNativeTarget "Power Grid WatchKit Extension" */;
			buildPhases = (
				B6E2D0B827414167004E45BC /* Sources */,
				B6E2D0B927414167004E45BC /* Frameworks */,
				B6E2D0BA27414167004E45BC /* Resources */,
			);
			buildRules = (
			);
			dependencies = (
			);
			name = "Power Grid WatchKit Extension";
			packageProductDependencies = (
				B64F13C12741B7DB0054E6B8 /* SwiftUICharts */,
			);
			productName = "Power Grid WatchKit Extension";
			productReference = B6E2D0BC27414167004E45BC /* Power Grid WatchKit Extension.appex */;
			productType = "com.apple.product-type.watchkit2-extension";
		};
/* End PBXNativeTarget section */

/* Begin PBXProject section */
		B6E2D0A727414166004E45BC /* Project object */ = {
			isa = PBXProject;
			attributes = {
				BuildIndependentTargetsInParallel = 1;
				LastSwiftUpdateCheck = 1310;
				LastUpgradeCheck = 1310;
				TargetAttributes = {
					B6E2D0AC27414167004E45BC = {
						CreatedOnToolsVersion = 13.1;
					};
					B6E2D0B027414167004E45BC = {
						CreatedOnToolsVersion = 13.1;
					};
					B6E2D0BB27414167004E45BC = {
						CreatedOnToolsVersion = 13.1;
					};
				};
			};
			buildConfigurationList = B6E2D0AA27414167004E45BC /* Build configuration list for PBXProject "Power Grid" */;
			compatibilityVersion = "Xcode 13.0";
			developmentRegion = en;
			hasScannedForEncodings = 0;
			knownRegions = (
				en,
				Base,
			);
			mainGroup = B6E2D0A627414166004E45BC;
			packageReferences = (
				B64F13BF2741B7D30054E6B8 /* XCRemoteSwiftPackageReference "ChartView" */,
			);
			productRefGroup = B6E2D0AE27414167004E45BC /* Products */;
			projectDirPath = "";
			projectRoot = "";
			targets = (
				B6E2D0AC27414167004E45BC /* Power Grid */,
				B6E2D0B027414167004E45BC /* Power Grid WatchKit App */,
				B6E2D0BB27414167004E45BC /* Power Grid WatchKit Extension */,
			);
		};
/* End PBXProject section */

/* Begin PBXResourcesBuildPhase section */
		B6E2D0AB27414167004E45BC /* Resources */ = {
			isa = PBXResourcesBuildPhase;
			buildActionMask = 2147483647;
			files = (
			);
			runOnlyForDeploymentPostprocessing = 0;
		};
		B6E2D0AF27414167004E45BC /* Resources */ = {
			isa = PBXResourcesBuildPhase;
			buildActionMask = 2147483647;
			files = (
				B6E2D0B727414167004E45BC /* Assets.xcassets in Resources */,
			);
			runOnlyForDeploymentPostprocessing = 0;
		};
		B6E2D0BA27414167004E45BC /* Resources */ = {
			isa = PBXResourcesBuildPhase;
			buildActionMask = 2147483647;
			files = (
				B6E2D0CF27414168004E45BC /* Preview Assets.xcassets in Resources */,
				B6E2D0CC27414168004E45BC /* Assets.xcassets in Resources */,
			);
			runOnlyForDeploymentPostprocessing = 0;
		};
/* End PBXResourcesBuildPhase section */

/* Begin PBXSourcesBuildPhase section */
		B6E2D0B827414167004E45BC /* Sources */ = {
			isa = PBXSourcesBuildPhase;
			buildActionMask = 2147483647;
			files = (
				B6E2D0C627414167004E45BC /* NotificationController.swift in Sources */,
				B6E2D0C427414167004E45BC /* ContentView.swift in Sources */,
				B6E2D0E127414452004E45BC /* ApiService.swift in Sources */,
				B6E2D0CA27414167004E45BC /* ComplicationController.swift in Sources */,
				B6E2D0C227414167004E45BC /* PowerGridApp.swift in Sources */,
				B6E2D0E327414480004E45BC /* ApiAgent.swift in Sources */,
				B6E2D0C827414167004E45BC /* NotificationView.swift in Sources */,
				B6EC4ED7274154CF00E4839C /* Bar.swift in Sources */,
				B6EC4ED227414BF400E4839C /* MainViewModel.swift in Sources */,
			);
			runOnlyForDeploymentPostprocessing = 0;
		};
/* End PBXSourcesBuildPhase section */

/* Begin PBXTargetDependency section */
		B6E2D0B427414167004E45BC /* PBXTargetDependency */ = {
			isa = PBXTargetDependency;
			target = B6E2D0B027414167004E45BC /* Power Grid WatchKit App */;
			targetProxy = B6E2D0B327414167004E45BC /* PBXContainerItemProxy */;
		};
		B6E2D0BF27414167004E45BC /* PBXTargetDependency */ = {
			isa = PBXTargetDependency;
			target = B6E2D0BB27414167004E45BC /* Power Grid WatchKit Extension */;
			targetProxy = B6E2D0BE27414167004E45BC /* PBXContainerItemProxy */;
		};
/* End PBXTargetDependency section */

/* Begin XCBuildConfiguration section */
		B6E2D0D227414168004E45BC /* Debug */ = {
			isa = XCBuildConfiguration;
			buildSettings = {
				ALWAYS_SEARCH_USER_PATHS = NO;
				CLANG_ANALYZER_NONNULL = YES;
				CLANG_ANALYZER_NUMBER_OBJECT_CONVERSION = YES_AGGRESSIVE;
				CLANG_CXX_LANGUAGE_STANDARD = "gnu++17";
				CLANG_CXX_LIBRARY = "libc++";
				CLANG_ENABLE_MODULES = YES;
				CLANG_ENABLE_OBJC_ARC = YES;
				CLANG_ENABLE_OBJC_WEAK = YES;
				CLANG_WARN_BLOCK_CAPTURE_AUTORELEASING = YES;
				CLANG_WARN_BOOL_CONVERSION = YES;
				CLANG_WARN_COMMA = YES;
				CLANG_WARN_CONSTANT_CONVERSION = YES;
				CLANG_WARN_DEPRECATED_OBJC_IMPLEMENTATIONS = YES;
				CLANG_WARN_DIRECT_OBJC_ISA_USAGE = YES_ERROR;
				CLANG_WARN_DOCUMENTATION_COMMENTS = YES;
				CLANG_WARN_EMPTY_BODY = YES;
				CLANG_WARN_ENUM_CONVERSION = YES;
				CLANG_WARN_INFINITE_RECURSION = YES;
				CLANG_WARN_INT_CONVERSION = YES;
				CLANG_WARN_NON_LITERAL_NULL_CONVERSION = YES;
				CLANG_WARN_OBJC_IMPLICIT_RETAIN_SELF = YES;
				CLANG_WARN_OBJC_LITERAL_CONVERSION = YES;
				CLANG_WARN_OBJC_ROOT_CLASS = YES_ERROR;
				CLANG_WARN_QUOTED_INCLUDE_IN_FRAMEWORK_HEADER = YES;
				CLANG_WARN_RANGE_LOOP_ANALYSIS = YES;
				CLANG_WARN_STRICT_PROTOTYPES = YES;
				CLANG_WARN_SUSPICIOUS_MOVE = YES;
				CLANG_WARN_UNGUARDED_AVAILABILITY = YES_AGGRESSIVE;
				CLANG_WARN_UNREACHABLE_CODE = YES;
				CLANG_WARN__DUPLICATE_METHOD_MATCH = YES;
				COPY_PHASE_STRIP = NO;
				DEBUG_INFORMATION_FORMAT = dwarf;
				ENABLE_STRICT_OBJC_MSGSEND = YES;
				ENABLE_TESTABILITY = YES;
				GCC_C_LANGUAGE_STANDARD = gnu11;
				GCC_DYNAMIC_NO_PIC = NO;
				GCC_NO_COMMON_BLOCKS = YES;
				GCC_OPTIMIZATION_LEVEL = 0;
				GCC_PREPROCESSOR_DEFINITIONS = (
					"DEBUG=1",
					"$(inherited)",
				);
				GCC_WARN_64_TO_32_BIT_CONVERSION = YES;
				GCC_WARN_ABOUT_RETURN_TYPE = YES_ERROR;
				GCC_WARN_UNDECLARED_SELECTOR = YES;
				GCC_WARN_UNINITIALIZED_AUTOS = YES_AGGRESSIVE;
				GCC_WARN_UNUSED_FUNCTION = YES;
				GCC_WARN_UNUSED_VARIABLE = YES;
				MTL_ENABLE_DEBUG_INFO = INCLUDE_SOURCE;
				MTL_FAST_MATH = YES;
				ONLY_ACTIVE_ARCH = YES;
				SDKROOT = iphoneos;
				SWIFT_ACTIVE_COMPILATION_CONDITIONS = DEBUG;
				SWIFT_OPTIMIZATION_LEVEL = "-Onone";
			};
			name = Debug;
		};
		B6E2D0D327414168004E45BC /* Release */ = {
			isa = XCBuildConfiguration;
			buildSettings = {
				ALWAYS_SEARCH_USER_PATHS = NO;
				CLANG_ANALYZER_NONNULL = YES;
				CLANG_ANALYZER_NUMBER_OBJECT_CONVERSION = YES_AGGRESSIVE;
				CLANG_CXX_LANGUAGE_STANDARD = "gnu++17";
				CLANG_CXX_LIBRARY = "libc++";
				CLANG_ENABLE_MODULES = YES;
				CLANG_ENABLE_OBJC_ARC = YES;
				CLANG_ENABLE_OBJC_WEAK = YES;
				CLANG_WARN_BLOCK_CAPTURE_AUTORELEASING = YES;
				CLANG_WARN_BOOL_CONVERSION = YES;
				CLANG_WARN_COMMA = YES;
				CLANG_WARN_CONSTANT_CONVERSION = YES;
				CLANG_WARN_DEPRECATED_OBJC_IMPLEMENTATIONS = YES;
				CLANG_WARN_DIRECT_OBJC_ISA_USAGE = YES_ERROR;
				CLANG_WARN_DOCUMENTATION_COMMENTS = YES;
				CLANG_WARN_EMPTY_BODY = YES;
				CLANG_WARN_ENUM_CONVERSION = YES;
				CLANG_WARN_INFINITE_RECURSION = YES;
				CLANG_WARN_INT_CONVERSION = YES;
				CLANG_WARN_NON_LITERAL_NULL_CONVERSION = YES;
				CLANG_WARN_OBJC_IMPLICIT_RETAIN_SELF = YES;
				CLANG_WARN_OBJC_LITERAL_CONVERSION = YES;
				CLANG_WARN_OBJC_ROOT_CLASS = YES_ERROR;
				CLANG_WARN_QUOTED_INCLUDE_IN_FRAMEWORK_HEADER = YES;
				CLANG_WARN_RANGE_LOOP_ANALYSIS = YES;
				CLANG_WARN_STRICT_PROTOTYPES = YES;
				CLANG_WARN_SUSPICIOUS_MOVE = YES;
				CLANG_WARN_UNGUARDED_AVAILABILITY = YES_AGGRESSIVE;
				CLANG_WARN_UNREACHABLE_CODE = YES;
				CLANG_WARN__DUPLICATE_METHOD_MATCH = YES;
				COPY_PHASE_STRIP = NO;
				DEBUG_INFORMATION_FORMAT = "dwarf-with-dsym";
				ENABLE_NS_ASSERTIONS = NO;
				ENABLE_STRICT_OBJC_MSGSEND = YES;
				GCC_C_LANGUAGE_STANDARD = gnu11;
				GCC_NO_COMMON_BLOCKS = YES;
				GCC_WARN_64_TO_32_BIT_CONVERSION = YES;
				GCC_WARN_ABOUT_RETURN_TYPE = YES_ERROR;
				GCC_WARN_UNDECLARED_SELECTOR = YES;
				GCC_WARN_UNINITIALIZED_AUTOS = YES_AGGRESSIVE;
				GCC_WARN_UNUSED_FUNCTION = YES;
				GCC_WARN_UNUSED_VARIABLE = YES;
				MTL_ENABLE_DEBUG_INFO = NO;
				MTL_FAST_MATH = YES;
				SDKROOT = iphoneos;
				SWIFT_COMPILATION_MODE = wholemodule;
				SWIFT_OPTIMIZATION_LEVEL = "-O";
				VALIDATE_PRODUCT = YES;
			};
			name = Release;
		};
		B6E2D0D527414168004E45BC /* Debug */ = {
			isa = XCBuildConfiguration;
			buildSettings = {
				ASSETCATALOG_COMPILER_COMPLICATION_NAME = Complication;
				CODE_SIGN_STYLE = Automatic;
				CURRENT_PROJECT_VERSION = 1;
				DEVELOPMENT_ASSET_PATHS = "\"Power Grid WatchKit Extension/Preview Content\"";
				DEVELOPMENT_TEAM = LHQ96L2A6B;
				ENABLE_PREVIEWS = YES;
				GENERATE_INFOPLIST_FILE = YES;
				INFOPLIST_FILE = "Power Grid WatchKit Extension/Info.plist";
				INFOPLIST_KEY_CFBundleDisplayName = "Power Grid";
				INFOPLIST_KEY_CLKComplicationPrincipalClass = Power_Grid_WatchKit_Extension.ComplicationController;
				INFOPLIST_KEY_NSHumanReadableCopyright = "";
				INFOPLIST_KEY_WKWatchOnly = YES;
				LD_RUNPATH_SEARCH_PATHS = (
					"$(inherited)",
					"@executable_path/Frameworks",
					"@executable_path/../../Frameworks",
				);
				MARKETING_VERSION = 0.1;
				PRODUCT_BUNDLE_IDENTIFIER = "ie.otormaigh.Power-Grid.watchkitapp.watchkitextension";
				PRODUCT_NAME = "${TARGET_NAME}";
				SDKROOT = watchos;
				SKIP_INSTALL = YES;
				SWIFT_EMIT_LOC_STRINGS = YES;
				SWIFT_VERSION = 5.0;
				TARGETED_DEVICE_FAMILY = 4;
				WATCHOS_DEPLOYMENT_TARGET = 8.0;
			};
			name = Debug;
		};
		B6E2D0D627414168004E45BC /* Release */ = {
			isa = XCBuildConfiguration;
			buildSettings = {
				ASSETCATALOG_COMPILER_COMPLICATION_NAME = Complication;
				CODE_SIGN_STYLE = Automatic;
				CURRENT_PROJECT_VERSION = 1;
				DEVELOPMENT_ASSET_PATHS = "\"Power Grid WatchKit Extension/Preview Content\"";
				DEVELOPMENT_TEAM = LHQ96L2A6B;
				ENABLE_PREVIEWS = YES;
				GENERATE_INFOPLIST_FILE = YES;
				INFOPLIST_FILE = "Power Grid WatchKit Extension/Info.plist";
				INFOPLIST_KEY_CFBundleDisplayName = "Power Grid";
				INFOPLIST_KEY_CLKComplicationPrincipalClass = Power_Grid_WatchKit_Extension.ComplicationController;
				INFOPLIST_KEY_NSHumanReadableCopyright = "";
				INFOPLIST_KEY_WKWatchOnly = YES;
				LD_RUNPATH_SEARCH_PATHS = (
					"$(inherited)",
					"@executable_path/Frameworks",
					"@executable_path/../../Frameworks",
				);
				MARKETING_VERSION = 0.1;
				PRODUCT_BUNDLE_IDENTIFIER = "ie.otormaigh.Power-Grid.watchkitapp.watchkitextension";
				PRODUCT_NAME = "${TARGET_NAME}";
				SDKROOT = watchos;
				SKIP_INSTALL = YES;
				SWIFT_EMIT_LOC_STRINGS = YES;
				SWIFT_VERSION = 5.0;
				TARGETED_DEVICE_FAMILY = 4;
				WATCHOS_DEPLOYMENT_TARGET = 8.0;
			};
			name = Release;
		};
		B6E2D0D927414168004E45BC /* Debug */ = {
			isa = XCBuildConfiguration;
			buildSettings = {
				ALWAYS_EMBED_SWIFT_STANDARD_LIBRARIES = YES;
				ASSETCATALOG_COMPILER_APPICON_NAME = AppIcon;
				ASSETCATALOG_COMPILER_GLOBAL_ACCENT_COLOR_NAME = AccentColor;
				CODE_SIGN_STYLE = Automatic;
				CURRENT_PROJECT_VERSION = 1;
				DEVELOPMENT_TEAM = LHQ96L2A6B;
				GENERATE_INFOPLIST_FILE = YES;
				IBSC_MODULE = Power_Grid_WatchKit_Extension;
				INFOPLIST_KEY_UISupportedInterfaceOrientations = "UIInterfaceOrientationPortrait UIInterfaceOrientationPortraitUpsideDown";
				MARKETING_VERSION = 0.1;
				PRODUCT_BUNDLE_IDENTIFIER = "ie.otormaigh.Power-Grid.watchkitapp";
				PRODUCT_NAME = "Power Grid";
				SDKROOT = watchos;
				SKIP_INSTALL = YES;
				SWIFT_EMIT_LOC_STRINGS = YES;
				SWIFT_VERSION = 5.0;
				TARGETED_DEVICE_FAMILY = 4;
				WATCHOS_DEPLOYMENT_TARGET = 8.0;
			};
			name = Debug;
		};
		B6E2D0DA27414168004E45BC /* Release */ = {
			isa = XCBuildConfiguration;
			buildSettings = {
				ALWAYS_EMBED_SWIFT_STANDARD_LIBRARIES = YES;
				ASSETCATALOG_COMPILER_APPICON_NAME = AppIcon;
				ASSETCATALOG_COMPILER_GLOBAL_ACCENT_COLOR_NAME = AccentColor;
				CODE_SIGN_STYLE = Automatic;
				CURRENT_PROJECT_VERSION = 1;
				DEVELOPMENT_TEAM = LHQ96L2A6B;
				GENERATE_INFOPLIST_FILE = YES;
				IBSC_MODULE = Power_Grid_WatchKit_Extension;
				INFOPLIST_KEY_UISupportedInterfaceOrientations = "UIInterfaceOrientationPortrait UIInterfaceOrientationPortraitUpsideDown";
				MARKETING_VERSION = 0.1;
				PRODUCT_BUNDLE_IDENTIFIER = "ie.otormaigh.Power-Grid.watchkitapp";
				PRODUCT_NAME = "Power Grid";
				SDKROOT = watchos;
				SKIP_INSTALL = YES;
				SWIFT_EMIT_LOC_STRINGS = YES;
				SWIFT_VERSION = 5.0;
				TARGETED_DEVICE_FAMILY = 4;
				WATCHOS_DEPLOYMENT_TARGET = 8.0;
			};
			name = Release;
		};
		B6E2D0DD27414168004E45BC /* Debug */ = {
			isa = XCBuildConfiguration;
			buildSettings = {
				CODE_SIGN_STYLE = Automatic;
				CURRENT_PROJECT_VERSION = 1;
				DEVELOPMENT_TEAM = LHQ96L2A6B;
				MARKETING_VERSION = 0.1;
				PRODUCT_BUNDLE_IDENTIFIER = "ie.otormaigh.Power-Grid";
				PRODUCT_NAME = "$(TARGET_NAME)";
				SWIFT_VERSION = 5.0;
			};
			name = Debug;
		};
		B6E2D0DE27414168004E45BC /* Release */ = {
			isa = XCBuildConfiguration;
			buildSettings = {
				CODE_SIGN_STYLE = Automatic;
				CURRENT_PROJECT_VERSION = 1;
				DEVELOPMENT_TEAM = LHQ96L2A6B;
				MARKETING_VERSION = 0.1;
				PRODUCT_BUNDLE_IDENTIFIER = "ie.otormaigh.Power-Grid";
				PRODUCT_NAME = "$(TARGET_NAME)";
				SWIFT_VERSION = 5.0;
			};
			name = Release;
		};
/* End XCBuildConfiguration section */

/* Begin XCConfigurationList section */
		B6E2D0AA27414167004E45BC /* Build configuration list for PBXProject "Power Grid" */ = {
			isa = XCConfigurationList;
			buildConfigurations = (
				B6E2D0D227414168004E45BC /* Debug */,
				B6E2D0D327414168004E45BC /* Release */,
			);
			defaultConfigurationIsVisible = 0;
			defaultConfigurationName = Release;
		};
		B6E2D0D427414168004E45BC /* Build configuration list for PBXNativeTarget "Power Grid WatchKit Extension" */ = {
			isa = XCConfigurationList;
			buildConfigurations = (
				B6E2D0D527414168004E45BC /* Debug */,
				B6E2D0D627414168004E45BC /* Release */,
			);
			defaultConfigurationIsVisible = 0;
			defaultConfigurationName = Release;
		};
		B6E2D0D827414168004E45BC /* Build configuration list for PBXNativeTarget "Power Grid WatchKit App" */ = {
			isa = XCConfigurationList;
			buildConfigurations = (
				B6E2D0D927414168004E45BC /* Debug */,
				B6E2D0DA27414168004E45BC /* Release */,
			);
			defaultConfigurationIsVisible = 0;
			defaultConfigurationName = Release;
		};
		B6E2D0DC27414168004E45BC /* Build configuration list for PBXNativeTarget "Power Grid" */ = {
			isa = XCConfigurationList;
			buildConfigurations = (
				B6E2D0DD27414168004E45BC /* Debug */,
				B6E2D0DE27414168004E45BC /* Release */,
			);
			defaultConfigurationIsVisible = 0;
			defaultConfigurationName = Release;
		};
/* End XCConfigurationList section */

/* Begin XCRemoteSwiftPackageReference section */
		B64F13BF2741B7D30054E6B8 /* XCRemoteSwiftPackageReference "ChartView" */ = {
			isa = XCRemoteSwiftPackageReference;
			repositoryURL = "https://github.com/otormaigh/ChartView";
			requirement = {
				branch = bugfixes;
				kind = branch;
			};
		};
/* End XCRemoteSwiftPackageReference section */

/* Begin XCSwiftPackageProductDependency section */
		B64F13C02741B7D30054E6B8 /* SwiftUICharts */ = {
			isa = XCSwiftPackageProductDependency;
			package = B64F13BF2741B7D30054E6B8 /* XCRemoteSwiftPackageReference "ChartView" */;
			productName = SwiftUICharts;
		};
		B64F13C12741B7DB0054E6B8 /* SwiftUICharts */ = {
			isa = XCSwiftPackageProductDependency;
			package = B64F13BF2741B7D30054E6B8 /* XCRemoteSwiftPackageReference "ChartView" */;
			productName = SwiftUICharts;
		};
/* End XCSwiftPackageProductDependency section */
	};
	rootObject = B6E2D0A727414166004E45BC /* Project object */;
}
